
Microsoft Visual Studio Solution File, Format Version 12.00
# Visual Studio Version 17
VisualStudioVersion = 17.2.32526.322
MinimumVisualStudioVersion = 10.0.40219.1
Project("{9A19103F-16F7-4668-BE54-9A1E7A4F7556}") = "WebApi", "MyWebApi\WebApi.csproj", "{D5B77564-3449-4DD6-9CF7-1A349C9583B2}"
EndProject
Global
	GlobalSection(SolutionConfigurationPlatforms) = preSolution
		Debug|Any CPU = Debug|Any CPU
		Release|Any CPU = Release|Any CPU
	EndGlobalSection
	GlobalSection(ProjectConfigurationPlatforms) = postSolution
		{D5B77564-3449-4DD6-9CF7-1A349C9583B2}.Debug|Any CPU.ActiveCfg = Debug|Any CPU
		{D5B77564-3449-4DD6-9CF7-1A349C9583B2}.Debug|Any CPU.Build.0 = Debug|Any CPU
		{D5B77564-3449-4DD6-9CF7-1A349C9583B2}.Release|Any CPU.ActiveCfg = Release|Any CPU
		{D5B77564-3449-4DD6-9CF7-1A349C9583B2}.Release|Any CPU.Build.0 = Release|Any CPU
	EndGlobalSection
	GlobalSection(SolutionProperties) = preSolution
		HideSolutionNode = FALSE
	EndGlobalSection
	GlobalSection(ExtensibilityGlobals) = postSolution
		SolutionGuid = {CEE1A0D0-D0BD-45C0-BBCB-4B9230CCD2CA}
	EndGlobalSection
EndGlobal
